
Microsoft Visual Studio Solution File, Format Version 12.00
# Visual Studio Version 16
VisualStudioVersion = 16.0.30611.23
MinimumVisualStudioVersion = 10.0.40219.1
Project("{FAE04EC0-301F-11D3-BF4B-00C04F79EFBC}") = "OfficeValidationLib", "OfficeValidationLib\OfficeValidationLib.csproj", "{E40B60E5-66A2-4DD0-BB59-41BF5FD5FB8A}"
EndProject
Global
	GlobalSection(SolutionConfigurationPlatforms) = preSolution
		Debug|Any CPU = Debug|Any CPU
		Debug|x64 = Debug|x64
		Release|Any CPU = Release|Any CPU
		Release|x64 = Release|x64
	EndGlobalSection
	GlobalSection(ProjectConfigurationPlatforms) = postSolution
		{E40B60E5-66A2-4DD0-BB59-41BF5FD5FB8A}.Debug|Any CPU.ActiveCfg = Debug|Any CPU
		{E40B60E5-66A2-4DD0-BB59-41BF5FD5FB8A}.Debug|Any CPU.Build.0 = Debug|Any CPU
		{E40B60E5-66A2-4DD0-BB59-41BF5FD5FB8A}.Debug|x64.ActiveCfg = Debug|x64
		{E40B60E5-66A2-4DD0-BB59-41BF5FD5FB8A}.Debug|x64.Build.0 = Debug|x64
		{E40B60E5-66A2-4DD0-BB59-41BF5FD5FB8A}.Release|Any CPU.ActiveCfg = Release|Any CPU
		{E40B60E5-66A2-4DD0-BB59-41BF5FD5FB8A}.Release|Any CPU.Build.0 = Release|Any CPU
		{E40B60E5-66A2-4DD0-BB59-41BF5FD5FB8A}.Release|x64.ActiveCfg = Release|x64
		{E40B60E5-66A2-4DD0-BB59-41BF5FD5FB8A}.Release|x64.Build.0 = Release|x64
	EndGlobalSection
	GlobalSection(SolutionProperties) = preSolution
		HideSolutionNode = FALSE
	EndGlobalSection
	GlobalSection(ExtensibilityGlobals) = postSolution
		SolutionGuid = {542A4205-9D36-4750-B19D-B71BF09AB517}
	EndGlobalSection
EndGlobal
