
Microsoft Visual Studio Solution File, Format Version 12.00
# Visual Studio Version 16
VisualStudioVersion = 16.0.31005.135
MinimumVisualStudioVersion = 10.0.40219.1
Project("{FAE04EC0-301F-11D3-BF4B-00C04F79EFBC}") = "OfficeValidationLib", "OfficeValidationLib\OfficeValidationLib.csproj", "{E40B60E5-66A2-4DD0-BB59-41BF5FD5FB8A}"
EndProject
Project("{FAE04EC0-301F-11D3-BF4B-00C04F79EFBC}") = "OfficeValidationApp", "OfficeValidationApp\OfficeValidationApp.csproj", "{F50E4281-1B1A-4B84-B009-7D61A246F7DD}"
EndProject
Project("{FAE04EC0-301F-11D3-BF4B-00C04F79EFBC}") = "CommonOfficeValidationChecks", "CommonOfficeValidationChecks\CommonOfficeValidationChecks.csproj", "{3054CE64-6A9D-4871-80E1-7D1B1DFC4F2F}"
EndProject
Project("{FAE04EC0-301F-11D3-BF4B-00C04F79EFBC}") = "OfficeValidationCLI", "OfficeValidationCLI\OfficeValidationCLI.csproj", "{0A296552-4970-4BF9-84F5-A857243EF1E6}"
EndProject
Project("{930C7802-8A8C-48F9-8165-68863BCCD9DD}") = "OfficeValidationInstallation", "OfficeValidationInstallation\OfficeValidationInstallation.wixproj", "{D9B2E702-5E6D-4541-AB1C-91CFA9AF616C}"
	ProjectSection(ProjectDependencies) = postProject
		{DCD1CD0E-DBFF-4760-B70F-2F586A08E010} = {DCD1CD0E-DBFF-4760-B70F-2F586A08E010}
		{E34AB334-3FCD-4A23-825D-A8EFCAC7DA22} = {E34AB334-3FCD-4A23-825D-A8EFCAC7DA22}
		{0A296552-4970-4BF9-84F5-A857243EF1E6} = {0A296552-4970-4BF9-84F5-A857243EF1E6}
		{3054CE64-6A9D-4871-80E1-7D1B1DFC4F2F} = {3054CE64-6A9D-4871-80E1-7D1B1DFC4F2F}
		{F50E4281-1B1A-4B84-B009-7D61A246F7DD} = {F50E4281-1B1A-4B84-B009-7D61A246F7DD}
		{E40B60E5-66A2-4DD0-BB59-41BF5FD5FB8A} = {E40B60E5-66A2-4DD0-BB59-41BF5FD5FB8A}
	EndProjectSection
EndProject
Project("{2150E333-8FDC-42A3-9474-1A3956D46DE8}") = "Solution Items", "Solution Items", "{4C26496A-6CA8-4A18-BBF6-6EDD8A05A5D2}"
	ProjectSection(SolutionItems) = preProject
		config.json = config.json
		MIT-X License.rtf = MIT-X License.rtf
		readme.md = readme.md
	EndProjectSection
	ProjectSection(FolderGlobals) = preProject
		C_5_4Projects_4OfficeValidation_4config_1json__JsonSchema = 
	EndProjectSection
EndProject
Project("{FAE04EC0-301F-11D3-BF4B-00C04F79EFBC}") = "OfficeValidationManager", "OfficeValidationManager\OfficeValidationManager.csproj", "{DCD1CD0E-DBFF-4760-B70F-2F586A08E010}"
EndProject
Project("{9A19103F-16F7-4668-BE54-9A1E7A4F7556}") = "CommonOfficeValidationChecks.Tests", "CommonOfficeValidationChecks.Tests\CommonOfficeValidationChecks.Tests.csproj", "{E34AB334-3FCD-4A23-825D-A8EFCAC7DA22}"
EndProject
Global
	GlobalSection(SolutionConfigurationPlatforms) = preSolution
		Debug|Any CPU = Debug|Any CPU
		Debug|x64 = Debug|x64
		Debug|x86 = Debug|x86
		Release|Any CPU = Release|Any CPU
		Release|x64 = Release|x64
		Release|x86 = Release|x86
	EndGlobalSection
	GlobalSection(ProjectConfigurationPlatforms) = postSolution
		{E40B60E5-66A2-4DD0-BB59-41BF5FD5FB8A}.Debug|Any CPU.ActiveCfg = Debug|x64
		{E40B60E5-66A2-4DD0-BB59-41BF5FD5FB8A}.Debug|x64.ActiveCfg = Debug|x64
		{E40B60E5-66A2-4DD0-BB59-41BF5FD5FB8A}.Debug|x64.Build.0 = Debug|x64
		{E40B60E5-66A2-4DD0-BB59-41BF5FD5FB8A}.Debug|x86.ActiveCfg = Debug|x64
		{E40B60E5-66A2-4DD0-BB59-41BF5FD5FB8A}.Release|Any CPU.ActiveCfg = Release|x64
		{E40B60E5-66A2-4DD0-BB59-41BF5FD5FB8A}.Release|x64.ActiveCfg = Release|x64
		{E40B60E5-66A2-4DD0-BB59-41BF5FD5FB8A}.Release|x64.Build.0 = Release|x64
		{E40B60E5-66A2-4DD0-BB59-41BF5FD5FB8A}.Release|x86.ActiveCfg = Release|x64
		{F50E4281-1B1A-4B84-B009-7D61A246F7DD}.Debug|Any CPU.ActiveCfg = Debug|x64
		{F50E4281-1B1A-4B84-B009-7D61A246F7DD}.Debug|x64.ActiveCfg = Debug|x64
		{F50E4281-1B1A-4B84-B009-7D61A246F7DD}.Debug|x64.Build.0 = Debug|x64
		{F50E4281-1B1A-4B84-B009-7D61A246F7DD}.Debug|x86.ActiveCfg = Debug|x64
		{F50E4281-1B1A-4B84-B009-7D61A246F7DD}.Release|Any CPU.ActiveCfg = Release|x64
		{F50E4281-1B1A-4B84-B009-7D61A246F7DD}.Release|x64.ActiveCfg = Release|x64
		{F50E4281-1B1A-4B84-B009-7D61A246F7DD}.Release|x64.Build.0 = Release|x64
		{F50E4281-1B1A-4B84-B009-7D61A246F7DD}.Release|x86.ActiveCfg = Release|x64
		{3054CE64-6A9D-4871-80E1-7D1B1DFC4F2F}.Debug|Any CPU.ActiveCfg = Debug|x64
		{3054CE64-6A9D-4871-80E1-7D1B1DFC4F2F}.Debug|x64.ActiveCfg = Debug|x64
		{3054CE64-6A9D-4871-80E1-7D1B1DFC4F2F}.Debug|x64.Build.0 = Debug|x64
		{3054CE64-6A9D-4871-80E1-7D1B1DFC4F2F}.Debug|x86.ActiveCfg = Debug|x64
		{3054CE64-6A9D-4871-80E1-7D1B1DFC4F2F}.Release|Any CPU.ActiveCfg = Release|x64
		{3054CE64-6A9D-4871-80E1-7D1B1DFC4F2F}.Release|x64.ActiveCfg = Release|x64
		{3054CE64-6A9D-4871-80E1-7D1B1DFC4F2F}.Release|x64.Build.0 = Release|x64
		{3054CE64-6A9D-4871-80E1-7D1B1DFC4F2F}.Release|x86.ActiveCfg = Release|x64
		{0A296552-4970-4BF9-84F5-A857243EF1E6}.Debug|Any CPU.ActiveCfg = Debug|x64
		{0A296552-4970-4BF9-84F5-A857243EF1E6}.Debug|x64.ActiveCfg = Debug|x64
		{0A296552-4970-4BF9-84F5-A857243EF1E6}.Debug|x64.Build.0 = Debug|x64
		{0A296552-4970-4BF9-84F5-A857243EF1E6}.Debug|x86.ActiveCfg = Debug|x64
		{0A296552-4970-4BF9-84F5-A857243EF1E6}.Release|Any CPU.ActiveCfg = Release|x64
		{0A296552-4970-4BF9-84F5-A857243EF1E6}.Release|x64.ActiveCfg = Release|x64
		{0A296552-4970-4BF9-84F5-A857243EF1E6}.Release|x64.Build.0 = Release|x64
		{0A296552-4970-4BF9-84F5-A857243EF1E6}.Release|x86.ActiveCfg = Release|x64
		{D9B2E702-5E6D-4541-AB1C-91CFA9AF616C}.Debug|Any CPU.ActiveCfg = Debug|x64
		{D9B2E702-5E6D-4541-AB1C-91CFA9AF616C}.Debug|x64.ActiveCfg = Debug|x64
		{D9B2E702-5E6D-4541-AB1C-91CFA9AF616C}.Debug|x64.Build.0 = Debug|x64
		{D9B2E702-5E6D-4541-AB1C-91CFA9AF616C}.Debug|x86.ActiveCfg = Debug|x64
		{D9B2E702-5E6D-4541-AB1C-91CFA9AF616C}.Release|Any CPU.ActiveCfg = Release|x64
		{D9B2E702-5E6D-4541-AB1C-91CFA9AF616C}.Release|x64.ActiveCfg = Release|x64
		{D9B2E702-5E6D-4541-AB1C-91CFA9AF616C}.Release|x64.Build.0 = Release|x64
		{D9B2E702-5E6D-4541-AB1C-91CFA9AF616C}.Release|x86.ActiveCfg = Release|x64
		{DCD1CD0E-DBFF-4760-B70F-2F586A08E010}.Debug|Any CPU.ActiveCfg = Debug|Any CPU
		{DCD1CD0E-DBFF-4760-B70F-2F586A08E010}.Debug|Any CPU.Build.0 = Debug|Any CPU
		{DCD1CD0E-DBFF-4760-B70F-2F586A08E010}.Debug|x64.ActiveCfg = Debug|x64
		{DCD1CD0E-DBFF-4760-B70F-2F586A08E010}.Debug|x64.Build.0 = Debug|x64
		{DCD1CD0E-DBFF-4760-B70F-2F586A08E010}.Debug|x86.ActiveCfg = Debug|x64
		{DCD1CD0E-DBFF-4760-B70F-2F586A08E010}.Release|Any CPU.ActiveCfg = Release|Any CPU
		{DCD1CD0E-DBFF-4760-B70F-2F586A08E010}.Release|Any CPU.Build.0 = Release|Any CPU
		{DCD1CD0E-DBFF-4760-B70F-2F586A08E010}.Release|x64.ActiveCfg = Release|x64
		{DCD1CD0E-DBFF-4760-B70F-2F586A08E010}.Release|x64.Build.0 = Release|x64
		{DCD1CD0E-DBFF-4760-B70F-2F586A08E010}.Release|x86.ActiveCfg = Release|x64
		{E34AB334-3FCD-4A23-825D-A8EFCAC7DA22}.Debug|Any CPU.ActiveCfg = Debug|Any CPU
		{E34AB334-3FCD-4A23-825D-A8EFCAC7DA22}.Debug|Any CPU.Build.0 = Debug|Any CPU
		{E34AB334-3FCD-4A23-825D-A8EFCAC7DA22}.Debug|x64.ActiveCfg = Debug|x64
		{E34AB334-3FCD-4A23-825D-A8EFCAC7DA22}.Debug|x64.Build.0 = Debug|x64
		{E34AB334-3FCD-4A23-825D-A8EFCAC7DA22}.Debug|x86.ActiveCfg = Debug|x64
		{E34AB334-3FCD-4A23-825D-A8EFCAC7DA22}.Release|Any CPU.ActiveCfg = Release|Any CPU
		{E34AB334-3FCD-4A23-825D-A8EFCAC7DA22}.Release|Any CPU.Build.0 = Release|Any CPU
		{E34AB334-3FCD-4A23-825D-A8EFCAC7DA22}.Release|x64.ActiveCfg = Release|x64
		{E34AB334-3FCD-4A23-825D-A8EFCAC7DA22}.Release|x64.Build.0 = Release|x64
		{E34AB334-3FCD-4A23-825D-A8EFCAC7DA22}.Release|x86.ActiveCfg = Release|x64
	EndGlobalSection
	GlobalSection(SolutionProperties) = preSolution
		HideSolutionNode = FALSE
	EndGlobalSection
	GlobalSection(ExtensibilityGlobals) = postSolution
		SolutionGuid = {542A4205-9D36-4750-B19D-B71BF09AB517}
	EndGlobalSection
EndGlobal
